{
  "nodes": {
    "boringtun": {
      "flake": false,
      "locked": {
        "path": "swift/boringtun",
        "type": "path"
      },
      "original": {
        "path": "swift/boringtun",
        "type": "path"
      },
      "parent": []
    },
    "crane": {
      "locked": {
        "lastModified": 1790899423,
        "narHash": "sha256-THGtz65UGJU+sonZidRboyCMk+9DclpMF7pwL4uDV4M=",
        "owner": "ipetkov",
        "repo": "crane",
        "rev": "47b6b27ed9a3a9181415e4367d0c30ab2a0e0250",
        "type": "github"
      },
      "original": {
        "owner": "ipetkov",
        "repo": "crane",
        "type": "github"
      }
    },
    "defguard-ui": {
      "flake": false,
      "locked": {
        "path": "src/shared/defguard-ui",
        "type": "path"
      },
      "original": {
        "path": "src/shared/defguard-ui",
        "type": "path"
      },
      "parent": []
    },
    "flake-utils": {
      "inputs": {
        "systems": "systems"
      },
      "locked": {
        "lastModified": 1731533236,
        "narHash": "sha256-l0KFg5HjrsfsO/JpG+r7fRrqm12kzFHyUHqHCVpMMbI=",
        "owner": "numtide",
        "repo": "flake-utils",
        "rev": "11707dc2f618dd54ca8739b309ec4fc024de578b",
        "type": "github"
      },
      "original": {
        "owner": "numtide",
        "repo": "flake-utils",
        "type": "github"
      }
    },
    "nixpkgs": {
      "locked": {
        "lastModified": 1790652569,
        "narHash": "sha256-k8Fu4c9Z+4Nh7mUr0cfw++ITQiyEhlWxoJBOkI3tOcQ=",
        "rev": "b6c8664de9b6cc07fe5666a29f91884ba81197c4",
        "type": "tarball",
        "url": "https://releases.nixos.org/nixpkgs/nixpkgs-26.11pre1082290.b6c8664de9b6/nixexprs.tar.zst"
      },
      "original": {
        "id": "nixpkgs",
        "type": "indirect"
      }
    },
    "nixpkgs_2": {
      "locked": {
        "lastModified": 1744536153,
        "narHash": "sha256-awS2zRgF4uTwrOKwwiJcByDzDOdo3Q1rPZbiHQg/N38=",
        "owner": "NixOS",
        "repo": "nixpkgs",
        "rev": "18dd725c29603f582cf1900e0d25f9f1063dbf11",
        "type": "github"
      },
      "original": {
        "owner": "NixOS",
        "ref": "nixpkgs-unstable",
        "repo": "nixpkgs",
        "type": "github"
      }
    },
    "proto": {
      "flake": false,
      "locked": {
        "path": "src-tauri/proto",
        "type": "path"
      },
      "original": {
        "path": "src-tauri/proto",
        "type": "path"
      },
      "parent": []
    },
    "root": {
      "inputs": {
        "boringtun": "boringtun",
        "crane": "crane",
        "defguard-ui": "defguard-ui",
        "flake-utils": "flake-utils",
        "nixpkgs": "nixpkgs",
        "proto": "proto",
        "rust-overlay": "rust-overlay"
      }
    },
    "rust-overlay": {
      "inputs": {
        "nixpkgs": "nixpkgs_2"
      },
      "locked": {
        "lastModified": 1790928989,
        "narHash": "sha256-5r3MN/Rx7N9tLapCBmUq6/zCc3C9J7gNif1HybD1fJQ=",
        "owner": "oxalica",
        "repo": "rust-overlay",
        "rev": "368fee9beaab04ca6fe7af28db63caa9badb22fa",
        "type": "github"
      },
      "original": {
        "owner": "oxalica",
        "repo": "rust-overlay",
        "type": "github"
      }
    },
    "systems": {
      "locked": {
        "lastModified": 1681028828,
        "narHash": "sha256-Vy1rq5AaRuLzOxct8nz4T6wlgyUR7zLU309k9mBC768=",
        "owner": "nix-systems",
        "repo": "default",
        "rev": "da67096a3b9bf56a91d16901293e51ba5b49a27e",
        "type": "github"
      },
      "original": {
        "owner": "nix-systems",
        "repo": "default",
        "type": "github"
      }
    }
  },
  "root": "root",
  "version": 7
}
